
Microsoft Visual Studio Solution File, Format Version 12.00
# Visual Studio Version 17
VisualStudioVersion = 17.0.32014.148
MinimumVisualStudioVersion = 10.0.40219.1
Project("{9A19103F-16F7-4668-BE54-9A1E7A4F7556}") = "Learn.DesignPatterns", "Learn.DesignPatterns\Learn.DesignPatterns.csproj", "{231A1D89-7AF3-4360-B9C0-A043BF925ABA}"
EndProject
Project("{9A19103F-16F7-4668-BE54-9A1E7A4F7556}") = "Learn.Hangman", "Learn.Hangman\Learn.Hangman.csproj", "{20D9827E-F07B-43DB-8024-449AF08D2265}"
EndProject
Project("{9A19103F-16F7-4668-BE54-9A1E7A4F7556}") = "Learn.Hangman.Test", "Learn.Hangman.Test\Learn.Hangman.Test.csproj", "{599B779F-70B9-4682-9E8F-6CF42B0AD312}"
EndProject
Project("{2150E333-8FDC-42A3-9474-1A3956D46DE8}") = "Readme", "Readme", "{36C2DED6-D2CA-4155-942D-69F199544383}"
	ProjectSection(SolutionItems) = preProject
		..\..\README.md = ..\..\README.md
	EndProjectSection
EndProject
Global
	GlobalSection(SolutionConfigurationPlatforms) = preSolution
		Debug|Any CPU = Debug|Any CPU
		Release|Any CPU = Release|Any CPU
	EndGlobalSection
	GlobalSection(ProjectConfigurationPlatforms) = postSolution
		{231A1D89-7AF3-4360-B9C0-A043BF925ABA}.Debug|Any CPU.ActiveCfg = Debug|Any CPU
		{231A1D89-7AF3-4360-B9C0-A043BF925ABA}.Debug|Any CPU.Build.0 = Debug|Any CPU
		{231A1D89-7AF3-4360-B9C0-A043BF925ABA}.Release|Any CPU.ActiveCfg = Release|Any CPU
		{231A1D89-7AF3-4360-B9C0-A043BF925ABA}.Release|Any CPU.Build.0 = Release|Any CPU
		{20D9827E-F07B-43DB-8024-449AF08D2265}.Debug|Any CPU.ActiveCfg = Debug|Any CPU
		{20D9827E-F07B-43DB-8024-449AF08D2265}.Debug|Any CPU.Build.0 = Debug|Any CPU
		{20D9827E-F07B-43DB-8024-449AF08D2265}.Release|Any CPU.ActiveCfg = Release|Any CPU
		{20D9827E-F07B-43DB-8024-449AF08D2265}.Release|Any CPU.Build.0 = Release|Any CPU
		{599B779F-70B9-4682-9E8F-6CF42B0AD312}.Debug|Any CPU.ActiveCfg = Debug|Any CPU
		{599B779F-70B9-4682-9E8F-6CF42B0AD312}.Debug|Any CPU.Build.0 = Debug|Any CPU
		{599B779F-70B9-4682-9E8F-6CF42B0AD312}.Release|Any CPU.ActiveCfg = Release|Any CPU
		{599B779F-70B9-4682-9E8F-6CF42B0AD312}.Release|Any CPU.Build.0 = Release|Any CPU
	EndGlobalSection
	GlobalSection(SolutionProperties) = preSolution
		HideSolutionNode = FALSE
	EndGlobalSection
	GlobalSection(ExtensibilityGlobals) = postSolution
		SolutionGuid = {3C8342EB-FD44-42B7-BE73-E912C4A4F0D6}
	EndGlobalSection
EndGlobal
