
Microsoft Visual Studio Solution File, Format Version 12.00
# Visual Studio Version 17
VisualStudioVersion = 17.2.32602.215
MinimumVisualStudioVersion = 10.0.40219.1
Project("{FAE04EC0-301F-11D3-BF4B-00C04F79EFBC}") = "learn-logging", "learn-logging\learn-logging.csproj", "{5C7AB395-825F-418A-9CFF-0D325FDB9C9D}"
EndProject
Global
	GlobalSection(SolutionConfigurationPlatforms) = preSolution
		Debug|Any CPU = Debug|Any CPU
		Release|Any CPU = Release|Any CPU
	EndGlobalSection
	GlobalSection(ProjectConfigurationPlatforms) = postSolution
		{5C7AB395-825F-418A-9CFF-0D325FDB9C9D}.Debug|Any CPU.ActiveCfg = Debug|Any CPU
		{5C7AB395-825F-418A-9CFF-0D325FDB9C9D}.Debug|Any CPU.Build.0 = Debug|Any CPU
		{5C7AB395-825F-418A-9CFF-0D325FDB9C9D}.Release|Any CPU.ActiveCfg = Release|Any CPU
		{5C7AB395-825F-418A-9CFF-0D325FDB9C9D}.Release|Any CPU.Build.0 = Release|Any CPU
	EndGlobalSection
	GlobalSection(SolutionProperties) = preSolution
		HideSolutionNode = FALSE
	EndGlobalSection
	GlobalSection(ExtensibilityGlobals) = postSolution
		SolutionGuid = {E30AF10A-743D-4E4A-869E-A921EFCA39AE}
	EndGlobalSection
EndGlobal
